
Microsoft Visual Studio Solution File, Format Version 12.00
# Visual Studio 15
VisualStudioVersion = 15.0.28010.2048
MinimumVisualStudioVersion = 10.0.40219.1
Project("{FAE04EC0-301F-11D3-BF4B-00C04F79EFBC}") = "JcShellFormat", "JcShellFormat\JcShellFormat.csproj", "{3FDA3BBE-2C10-4AD6-B8E4-E059454AB533}"
EndProject
Project("{FAE04EC0-301F-11D3-BF4B-00C04F79EFBC}") = "JcShellFormatTests", "JcShellFormatTests\JcShellFormatTests.csproj", "{B06639A0-0274-4050-9C59-A6256FAEA2DC}"
EndProject
Global
	GlobalSection(SolutionConfigurationPlatforms) = preSolution
		Debug|Any CPU = Debug|Any CPU
		Release|Any CPU = Release|Any CPU
	EndGlobalSection
	GlobalSection(ProjectConfigurationPlatforms) = postSolution
		{3FDA3BBE-2C10-4AD6-B8E4-E059454AB533}.Debug|Any CPU.ActiveCfg = Debug|Any CPU
		{3FDA3BBE-2C10-4AD6-B8E4-E059454AB533}.Debug|Any CPU.Build.0 = Debug|Any CPU
		{3FDA3BBE-2C10-4AD6-B8E4-E059454AB533}.Release|Any CPU.ActiveCfg = Release|Any CPU
		{3FDA3BBE-2C10-4AD6-B8E4-E059454AB533}.Release|Any CPU.Build.0 = Release|Any CPU
		{B06639A0-0274-4050-9C59-A6256FAEA2DC}.Debug|Any CPU.ActiveCfg = Debug|Any CPU
		{B06639A0-0274-4050-9C59-A6256FAEA2DC}.Debug|Any CPU.Build.0 = Debug|Any CPU
		{B06639A0-0274-4050-9C59-A6256FAEA2DC}.Release|Any CPU.ActiveCfg = Release|Any CPU
		{B06639A0-0274-4050-9C59-A6256FAEA2DC}.Release|Any CPU.Build.0 = Release|Any CPU
	EndGlobalSection
	GlobalSection(SolutionProperties) = preSolution
		HideSolutionNode = FALSE
	EndGlobalSection
	GlobalSection(ExtensibilityGlobals) = postSolution
		SolutionGuid = {B9A66D80-716C-4952-929F-5041420A550D}
	EndGlobalSection
EndGlobal
